
Microsoft Visual Studio Solution File, Format Version 12.00
# Visual Studio 14
VisualStudioVersion = 14.0.23107.0
MinimumVisualStudioVersion = 10.0.40219.1
Project("{FAE04EC0-301F-11D3-BF4B-00C04F79EFBC}") = "Task01", "Task01\Task01.csproj", "{83551D6B-0FE1-451A-A141-BD631904EC68}"
EndProject
Project("{FAE04EC0-301F-11D3-BF4B-00C04F79EFBC}") = "Task02", "Task02\Task02.csproj", "{2E5FF264-88F8-4775-AAB2-C1036773AF74}"
EndProject
Project("{FAE04EC0-301F-11D3-BF4B-00C04F79EFBC}") = "Task03", "Task03\Task03.csproj", "{1DA3DBCC-7B96-44B8-8FD9-4DB1A3A1DCF0}"
EndProject
Global
	GlobalSection(SolutionConfigurationPlatforms) = preSolution
		Debug|Any CPU = Debug|Any CPU
		Release|Any CPU = Release|Any CPU
	EndGlobalSection
	GlobalSection(ProjectConfigurationPlatforms) = postSolution
		{83551D6B-0FE1-451A-A141-BD631904EC68}.Debug|Any CPU.ActiveCfg = Debug|Any CPU
		{83551D6B-0FE1-451A-A141-BD631904EC68}.Debug|Any CPU.Build.0 = Debug|Any CPU
		{83551D6B-0FE1-451A-A141-BD631904EC68}.Release|Any CPU.ActiveCfg = Release|Any CPU
		{83551D6B-0FE1-451A-A141-BD631904EC68}.Release|Any CPU.Build.0 = Release|Any CPU
		{2E5FF264-88F8-4775-AAB2-C1036773AF74}.Debug|Any CPU.ActiveCfg = Debug|Any CPU
		{2E5FF264-88F8-4775-AAB2-C1036773AF74}.Debug|Any CPU.Build.0 = Debug|Any CPU
		{2E5FF264-88F8-4775-AAB2-C1036773AF74}.Release|Any CPU.ActiveCfg = Release|Any CPU
		{2E5FF264-88F8-4775-AAB2-C1036773AF74}.Release|Any CPU.Build.0 = Release|Any CPU
		{1DA3DBCC-7B96-44B8-8FD9-4DB1A3A1DCF0}.Debug|Any CPU.ActiveCfg = Debug|Any CPU
		{1DA3DBCC-7B96-44B8-8FD9-4DB1A3A1DCF0}.Debug|Any CPU.Build.0 = Debug|Any CPU
		{1DA3DBCC-7B96-44B8-8FD9-4DB1A3A1DCF0}.Release|Any CPU.ActiveCfg = Release|Any CPU
		{1DA3DBCC-7B96-44B8-8FD9-4DB1A3A1DCF0}.Release|Any CPU.Build.0 = Release|Any CPU
	EndGlobalSection
	GlobalSection(SolutionProperties) = preSolution
		HideSolutionNode = FALSE
	EndGlobalSection
EndGlobal
