
Microsoft Visual Studio Solution File, Format Version 12.00
# Visual Studio 14
VisualStudioVersion = 14.0.23107.0
MinimumVisualStudioVersion = 10.0.40219.1
Project("{FAE04EC0-301F-11D3-BF4B-00C04F79EFBC}") = "Task1", "Task1\Task1.csproj", "{EEC0916F-0F57-40E5-9632-B2FB21D0D3D2}"
EndProject
Project("{FAE04EC0-301F-11D3-BF4B-00C04F79EFBC}") = "Task2", "Task2\Task2.csproj", "{6C97C1A7-EA6C-4163-9A9C-27C29150311E}"
EndProject
Project("{FAE04EC0-301F-11D3-BF4B-00C04F79EFBC}") = "Task3", "Task3\Task3.csproj", "{C8D344AA-70CA-44B1-90B4-52F851D70EF4}"
EndProject
Project("{FAE04EC0-301F-11D3-BF4B-00C04F79EFBC}") = "Task4", "Task4\Task4.csproj", "{2DD307A4-6F95-45AB-A831-4C350E11881B}"
EndProject
Global
	GlobalSection(SolutionConfigurationPlatforms) = preSolution
		Debug|Any CPU = Debug|Any CPU
		Release|Any CPU = Release|Any CPU
	EndGlobalSection
	GlobalSection(ProjectConfigurationPlatforms) = postSolution
		{EEC0916F-0F57-40E5-9632-B2FB21D0D3D2}.Debug|Any CPU.ActiveCfg = Debug|Any CPU
		{EEC0916F-0F57-40E5-9632-B2FB21D0D3D2}.Debug|Any CPU.Build.0 = Debug|Any CPU
		{EEC0916F-0F57-40E5-9632-B2FB21D0D3D2}.Release|Any CPU.ActiveCfg = Release|Any CPU
		{EEC0916F-0F57-40E5-9632-B2FB21D0D3D2}.Release|Any CPU.Build.0 = Release|Any CPU
		{6C97C1A7-EA6C-4163-9A9C-27C29150311E}.Debug|Any CPU.ActiveCfg = Debug|Any CPU
		{6C97C1A7-EA6C-4163-9A9C-27C29150311E}.Debug|Any CPU.Build.0 = Debug|Any CPU
		{6C97C1A7-EA6C-4163-9A9C-27C29150311E}.Release|Any CPU.ActiveCfg = Release|Any CPU
		{6C97C1A7-EA6C-4163-9A9C-27C29150311E}.Release|Any CPU.Build.0 = Release|Any CPU
		{C8D344AA-70CA-44B1-90B4-52F851D70EF4}.Debug|Any CPU.ActiveCfg = Debug|Any CPU
		{C8D344AA-70CA-44B1-90B4-52F851D70EF4}.Debug|Any CPU.Build.0 = Debug|Any CPU
		{C8D344AA-70CA-44B1-90B4-52F851D70EF4}.Release|Any CPU.ActiveCfg = Release|Any CPU
		{C8D344AA-70CA-44B1-90B4-52F851D70EF4}.Release|Any CPU.Build.0 = Release|Any CPU
		{2DD307A4-6F95-45AB-A831-4C350E11881B}.Debug|Any CPU.ActiveCfg = Debug|Any CPU
		{2DD307A4-6F95-45AB-A831-4C350E11881B}.Debug|Any CPU.Build.0 = Debug|Any CPU
		{2DD307A4-6F95-45AB-A831-4C350E11881B}.Release|Any CPU.ActiveCfg = Release|Any CPU
		{2DD307A4-6F95-45AB-A831-4C350E11881B}.Release|Any CPU.Build.0 = Release|Any CPU
	EndGlobalSection
	GlobalSection(SolutionProperties) = preSolution
		HideSolutionNode = FALSE
	EndGlobalSection
EndGlobal
