
Microsoft Visual Studio Solution File, Format Version 12.00
# Visual Studio 14
VisualStudioVersion = 14.0.23107.0
MinimumVisualStudioVersion = 10.0.40219.1
Project("{FAE04EC0-301F-11D3-BF4B-00C04F79EFBC}") = "Recursion_Factorial", "Recursion_Factorial\Recursion_Factorial.csproj", "{A6D5B2AB-DF83-4B1C-A8DE-8E66D2354A94}"
EndProject
Project("{FAE04EC0-301F-11D3-BF4B-00C04F79EFBC}") = "Methods_1", "Methods_1\Methods_1.csproj", "{E15DAA0E-13DC-462C-9866-45C3FAA8C7F2}"
EndProject
Project("{FAE04EC0-301F-11D3-BF4B-00C04F79EFBC}") = "Methods_2", "Methods_2\Methods_2.csproj", "{F0C5662A-2A3E-482A-8512-5DD5F73A349B}"
EndProject
Project("{FAE04EC0-301F-11D3-BF4B-00C04F79EFBC}") = "Methods_3", "Methods_3\Methods_3.csproj", "{0706528D-56B4-4CFD-89FF-089604BB73B1}"
EndProject
Project("{FAE04EC0-301F-11D3-BF4B-00C04F79EFBC}") = "Methods_4", "Methods_4\Methods_4.csproj", "{78C66DC0-A4BE-4B0D-8468-1B32AEC2EF04}"
EndProject
Project("{FAE04EC0-301F-11D3-BF4B-00C04F79EFBC}") = "Permu", "Permu\Permu.csproj", "{EC8F7230-B0F5-482D-BAD6-5EB72994E5DB}"
EndProject
Global
	GlobalSection(SolutionConfigurationPlatforms) = preSolution
		Debug|Any CPU = Debug|Any CPU
		Release|Any CPU = Release|Any CPU
	EndGlobalSection
	GlobalSection(ProjectConfigurationPlatforms) = postSolution
		{A6D5B2AB-DF83-4B1C-A8DE-8E66D2354A94}.Debug|Any CPU.ActiveCfg = Debug|Any CPU
		{A6D5B2AB-DF83-4B1C-A8DE-8E66D2354A94}.Debug|Any CPU.Build.0 = Debug|Any CPU
		{A6D5B2AB-DF83-4B1C-A8DE-8E66D2354A94}.Release|Any CPU.ActiveCfg = Release|Any CPU
		{A6D5B2AB-DF83-4B1C-A8DE-8E66D2354A94}.Release|Any CPU.Build.0 = Release|Any CPU
		{E15DAA0E-13DC-462C-9866-45C3FAA8C7F2}.Debug|Any CPU.ActiveCfg = Debug|Any CPU
		{E15DAA0E-13DC-462C-9866-45C3FAA8C7F2}.Debug|Any CPU.Build.0 = Debug|Any CPU
		{E15DAA0E-13DC-462C-9866-45C3FAA8C7F2}.Release|Any CPU.ActiveCfg = Release|Any CPU
		{E15DAA0E-13DC-462C-9866-45C3FAA8C7F2}.Release|Any CPU.Build.0 = Release|Any CPU
		{F0C5662A-2A3E-482A-8512-5DD5F73A349B}.Debug|Any CPU.ActiveCfg = Debug|Any CPU
		{F0C5662A-2A3E-482A-8512-5DD5F73A349B}.Debug|Any CPU.Build.0 = Debug|Any CPU
		{F0C5662A-2A3E-482A-8512-5DD5F73A349B}.Release|Any CPU.ActiveCfg = Release|Any CPU
		{F0C5662A-2A3E-482A-8512-5DD5F73A349B}.Release|Any CPU.Build.0 = Release|Any CPU
		{0706528D-56B4-4CFD-89FF-089604BB73B1}.Debug|Any CPU.ActiveCfg = Debug|Any CPU
		{0706528D-56B4-4CFD-89FF-089604BB73B1}.Debug|Any CPU.Build.0 = Debug|Any CPU
		{0706528D-56B4-4CFD-89FF-089604BB73B1}.Release|Any CPU.ActiveCfg = Release|Any CPU
		{0706528D-56B4-4CFD-89FF-089604BB73B1}.Release|Any CPU.Build.0 = Release|Any CPU
		{78C66DC0-A4BE-4B0D-8468-1B32AEC2EF04}.Debug|Any CPU.ActiveCfg = Debug|Any CPU
		{78C66DC0-A4BE-4B0D-8468-1B32AEC2EF04}.Debug|Any CPU.Build.0 = Debug|Any CPU
		{78C66DC0-A4BE-4B0D-8468-1B32AEC2EF04}.Release|Any CPU.ActiveCfg = Release|Any CPU
		{78C66DC0-A4BE-4B0D-8468-1B32AEC2EF04}.Release|Any CPU.Build.0 = Release|Any CPU
		{EC8F7230-B0F5-482D-BAD6-5EB72994E5DB}.Debug|Any CPU.ActiveCfg = Debug|Any CPU
		{EC8F7230-B0F5-482D-BAD6-5EB72994E5DB}.Debug|Any CPU.Build.0 = Debug|Any CPU
		{EC8F7230-B0F5-482D-BAD6-5EB72994E5DB}.Release|Any CPU.ActiveCfg = Release|Any CPU
		{EC8F7230-B0F5-482D-BAD6-5EB72994E5DB}.Release|Any CPU.Build.0 = Release|Any CPU
	EndGlobalSection
	GlobalSection(SolutionProperties) = preSolution
		HideSolutionNode = FALSE
	EndGlobalSection
EndGlobal
